
Microsoft Visual Studio Solution File, Format Version 12.00
# Visual Studio Version 17
VisualStudioVersion = 17.11.35222.181
MinimumVisualStudioVersion = 10.0.40219.1
Project("{9A19103F-16F7-4668-BE54-9A1E7A4F7556}") = "Financiera-GUI", "Financiera-GUI.csproj", "{EB76A550-5B53-497F-99DD-F7E30ECC994A}"
EndProject
Global
	GlobalSection(SolutionConfigurationPlatforms) = preSolution
		Debug|Any CPU = Debug|Any CPU
		Release|Any CPU = Release|Any CPU
	EndGlobalSection
	GlobalSection(ProjectConfigurationPlatforms) = postSolution
		{EB76A550-5B53-497F-99DD-F7E30ECC994A}.Debug|Any CPU.ActiveCfg = Debug|Any CPU
		{EB76A550-5B53-497F-99DD-F7E30ECC994A}.Debug|Any CPU.Build.0 = Debug|Any CPU
		{EB76A550-5B53-497F-99DD-F7E30ECC994A}.Release|Any CPU.ActiveCfg = Release|Any CPU
		{EB76A550-5B53-497F-99DD-F7E30ECC994A}.Release|Any CPU.Build.0 = Release|Any CPU
	EndGlobalSection
	GlobalSection(SolutionProperties) = preSolution
		HideSolutionNode = FALSE
	EndGlobalSection
	GlobalSection(ExtensibilityGlobals) = postSolution
		SolutionGuid = {F7EE2ED9-3239-4892-B06D-CF154F1EC6F2}
	EndGlobalSection
EndGlobal
